
Microsoft Visual Studio Solution File, Format Version 12.00
Project("{2150E333-8FDC-42A3-9474-1A3956D46DE8}") = "Infrastructure", "Infrastructure", "{799D309F-3B10-44D9-A8C3-43315F60D72E}"
EndProject
Project("{FAE04EC0-301F-11D3-BF4B-00C04F79EFBC}") = "Core", "Core\Core.csproj", "{BD4FF947-EE75-4DEA-9666-A4AB8B34ED7C}"
EndProject
Project("{FAE04EC0-301F-11D3-BF4B-00C04F79EFBC}") = "Api", "Api\Api.csproj", "{7A4F3843-B522-4C8E-BE5E-4CA380459CE4}"
EndProject
Project("{2150E333-8FDC-42A3-9474-1A3956D46DE8}") = "Solution Items", "Solution Items", "{6E3E410C-C15D-4608-95A5-A44D4E5C758F}"
	ProjectSection(SolutionItems) = preProject
		compose.yaml = compose.yaml
		LICENSE = LICENSE
		README.md = README.md
	EndProjectSection
EndProject
Project("{FAE04EC0-301F-11D3-BF4B-00C04F79EFBC}") = "Api.Common", "Api.Common\Api.Common.csproj", "{D1FA2FEB-6894-4789-8273-ED25E06CF5C8}"
EndProject
Project("{FAE04EC0-301F-11D3-BF4B-00C04F79EFBC}") = "Application", "Application\Application.csproj", "{64E0A24F-3C53-4EA6-AEFA-1E573F537B88}"
EndProject
Project("{2150E333-8FDC-42A3-9474-1A3956D46DE8}") = "Tests", "Tests", "{5AC9DB5E-E4AA-4721-B86F-94D78F413D71}"
EndProject
Project("{FAE04EC0-301F-11D3-BF4B-00C04F79EFBC}") = "Tests.Unit", "Tests.Unit\Tests.Unit.csproj", "{96447796-8AD5-455F-A48F-1F6E4D5451DE}"
EndProject
Project("{FAE04EC0-301F-11D3-BF4B-00C04F79EFBC}") = "Tests.Integration", "Tests.Integration\Tests.Integration.csproj", "{171E81A4-D532-463D-8FA1-9B39B67BC6E7}"
EndProject
Project("{FAE04EC0-301F-11D3-BF4B-00C04F79EFBC}") = "Persistence", "Persistence\Persistence.csproj", "{498BADDA-B400-4B59-9810-1DABF17C60E7}"
EndProject
Project("{FAE04EC0-301F-11D3-BF4B-00C04F79EFBC}") = "Security", "Security\Security.csproj", "{2E0B1AEA-A38B-4F72-9DE0-69EC40AD1894}"
EndProject
Global
	GlobalSection(SolutionConfigurationPlatforms) = preSolution
		Debug|Any CPU = Debug|Any CPU
		Release|Any CPU = Release|Any CPU
	EndGlobalSection
	GlobalSection(ProjectConfigurationPlatforms) = postSolution
		{BD4FF947-EE75-4DEA-9666-A4AB8B34ED7C}.Debug|Any CPU.ActiveCfg = Debug|Any CPU
		{BD4FF947-EE75-4DEA-9666-A4AB8B34ED7C}.Debug|Any CPU.Build.0 = Debug|Any CPU
		{BD4FF947-EE75-4DEA-9666-A4AB8B34ED7C}.Release|Any CPU.ActiveCfg = Release|Any CPU
		{BD4FF947-EE75-4DEA-9666-A4AB8B34ED7C}.Release|Any CPU.Build.0 = Release|Any CPU
		{7A4F3843-B522-4C8E-BE5E-4CA380459CE4}.Debug|Any CPU.ActiveCfg = Debug|Any CPU
		{7A4F3843-B522-4C8E-BE5E-4CA380459CE4}.Debug|Any CPU.Build.0 = Debug|Any CPU
		{7A4F3843-B522-4C8E-BE5E-4CA380459CE4}.Release|Any CPU.ActiveCfg = Release|Any CPU
		{7A4F3843-B522-4C8E-BE5E-4CA380459CE4}.Release|Any CPU.Build.0 = Release|Any CPU
		{D1FA2FEB-6894-4789-8273-ED25E06CF5C8}.Debug|Any CPU.ActiveCfg = Debug|Any CPU
		{D1FA2FEB-6894-4789-8273-ED25E06CF5C8}.Debug|Any CPU.Build.0 = Debug|Any CPU
		{D1FA2FEB-6894-4789-8273-ED25E06CF5C8}.Release|Any CPU.ActiveCfg = Release|Any CPU
		{D1FA2FEB-6894-4789-8273-ED25E06CF5C8}.Release|Any CPU.Build.0 = Release|Any CPU
		{64E0A24F-3C53-4EA6-AEFA-1E573F537B88}.Debug|Any CPU.ActiveCfg = Debug|Any CPU
		{64E0A24F-3C53-4EA6-AEFA-1E573F537B88}.Debug|Any CPU.Build.0 = Debug|Any CPU
		{64E0A24F-3C53-4EA6-AEFA-1E573F537B88}.Release|Any CPU.ActiveCfg = Release|Any CPU
		{64E0A24F-3C53-4EA6-AEFA-1E573F537B88}.Release|Any CPU.Build.0 = Release|Any CPU
		{96447796-8AD5-455F-A48F-1F6E4D5451DE}.Debug|Any CPU.ActiveCfg = Debug|Any CPU
		{96447796-8AD5-455F-A48F-1F6E4D5451DE}.Debug|Any CPU.Build.0 = Debug|Any CPU
		{96447796-8AD5-455F-A48F-1F6E4D5451DE}.Release|Any CPU.ActiveCfg = Release|Any CPU
		{96447796-8AD5-455F-A48F-1F6E4D5451DE}.Release|Any CPU.Build.0 = Release|Any CPU
		{171E81A4-D532-463D-8FA1-9B39B67BC6E7}.Debug|Any CPU.ActiveCfg = Debug|Any CPU
		{171E81A4-D532-463D-8FA1-9B39B67BC6E7}.Debug|Any CPU.Build.0 = Debug|Any CPU
		{171E81A4-D532-463D-8FA1-9B39B67BC6E7}.Release|Any CPU.ActiveCfg = Release|Any CPU
		{171E81A4-D532-463D-8FA1-9B39B67BC6E7}.Release|Any CPU.Build.0 = Release|Any CPU
		{498BADDA-B400-4B59-9810-1DABF17C60E7}.Debug|Any CPU.ActiveCfg = Debug|Any CPU
		{498BADDA-B400-4B59-9810-1DABF17C60E7}.Debug|Any CPU.Build.0 = Debug|Any CPU
		{498BADDA-B400-4B59-9810-1DABF17C60E7}.Release|Any CPU.ActiveCfg = Release|Any CPU
		{498BADDA-B400-4B59-9810-1DABF17C60E7}.Release|Any CPU.Build.0 = Release|Any CPU
		{2E0B1AEA-A38B-4F72-9DE0-69EC40AD1894}.Debug|Any CPU.ActiveCfg = Debug|Any CPU
		{2E0B1AEA-A38B-4F72-9DE0-69EC40AD1894}.Debug|Any CPU.Build.0 = Debug|Any CPU
		{2E0B1AEA-A38B-4F72-9DE0-69EC40AD1894}.Release|Any CPU.ActiveCfg = Release|Any CPU
		{2E0B1AEA-A38B-4F72-9DE0-69EC40AD1894}.Release|Any CPU.Build.0 = Release|Any CPU
	EndGlobalSection
	GlobalSection(NestedProjects) = preSolution
		{96447796-8AD5-455F-A48F-1F6E4D5451DE} = {5AC9DB5E-E4AA-4721-B86F-94D78F413D71}
		{171E81A4-D532-463D-8FA1-9B39B67BC6E7} = {5AC9DB5E-E4AA-4721-B86F-94D78F413D71}
		{498BADDA-B400-4B59-9810-1DABF17C60E7} = {799D309F-3B10-44D9-A8C3-43315F60D72E}
		{2E0B1AEA-A38B-4F72-9DE0-69EC40AD1894} = {799D309F-3B10-44D9-A8C3-43315F60D72E}
	EndGlobalSection
EndGlobal
